
Microsoft Visual Studio Solution File, Format Version 12.00
# Visual Studio 2012
Project("{FAE04EC0-301F-11D3-BF4B-00C04F79EFBC}") = "ArraySample3", "ArraySample3\ArraySample3.csproj", "{A0F08AA8-32C0-4266-A177-ABE9691C1B26}"
EndProject
Global
	GlobalSection(SolutionConfigurationPlatforms) = preSolution
		Debug|Any CPU = Debug|Any CPU
		Release|Any CPU = Release|Any CPU
	EndGlobalSection
	GlobalSection(ProjectConfigurationPlatforms) = postSolution
		{A0F08AA8-32C0-4266-A177-ABE9691C1B26}.Debug|Any CPU.ActiveCfg = Debug|Any CPU
		{A0F08AA8-32C0-4266-A177-ABE9691C1B26}.Debug|Any CPU.Build.0 = Debug|Any CPU
		{A0F08AA8-32C0-4266-A177-ABE9691C1B26}.Release|Any CPU.ActiveCfg = Release|Any CPU
		{A0F08AA8-32C0-4266-A177-ABE9691C1B26}.Release|Any CPU.Build.0 = Release|Any CPU
	EndGlobalSection
	GlobalSection(SolutionProperties) = preSolution
		HideSolutionNode = FALSE
	EndGlobalSection
EndGlobal
